
Microsoft Visual Studio Solution File, Format Version 12.00
# Visual Studio Version 17
VisualStudioVersion = 17.11.35312.102
MinimumVisualStudioVersion = 10.0.40219.1
Project("{9A19103F-16F7-4668-BE54-9A1E7A4F7556}") = "PokedexApp", "PokedexApp.csproj", "{F249DCFC-E3C6-460A-A0D8-8E1A21926637}"
EndProject
Global
	GlobalSection(SolutionConfigurationPlatforms) = preSolution
		Debug|Any CPU = Debug|Any CPU
		Release|Any CPU = Release|Any CPU
	EndGlobalSection
	GlobalSection(ProjectConfigurationPlatforms) = postSolution
		{F249DCFC-E3C6-460A-A0D8-8E1A21926637}.Debug|Any CPU.ActiveCfg = Debug|Any CPU
		{F249DCFC-E3C6-460A-A0D8-8E1A21926637}.Debug|Any CPU.Build.0 = Debug|Any CPU
		{F249DCFC-E3C6-460A-A0D8-8E1A21926637}.Release|Any CPU.ActiveCfg = Release|Any CPU
		{F249DCFC-E3C6-460A-A0D8-8E1A21926637}.Release|Any CPU.Build.0 = Release|Any CPU
	EndGlobalSection
	GlobalSection(SolutionProperties) = preSolution
		HideSolutionNode = FALSE
	EndGlobalSection
	GlobalSection(ExtensibilityGlobals) = postSolution
		SolutionGuid = {EC5A9968-1968-4593-BC9F-98DBF518E82D}
	EndGlobalSection
EndGlobal
